
Microsoft Visual Studio Solution File, Format Version 12.00
# Visual Studio Version 17
VisualStudioVersion = 17.3.32929.385
MinimumVisualStudioVersion = 10.0.40219.1
Project("{2150E333-8FDC-42A3-9474-1A3956D46DE8}") = "解决方案项", "解决方案项", "{55D1AD1D-4050-42E3-9A8E-8707429DCF46}"
	ProjectSection(SolutionItems) = preProject
		.clang-format = .clang-format
		.gitattributes = .gitattributes
		.gitignore = .gitignore
	EndProjectSection
EndProject
Project("{8BC9CEB8-8B4A-11D0-8D11-00A0C91BC942}") = "main", "source\main.vcxproj", "{20744325-848D-427A-8786-78EB46F45C8F}"
EndProject
Project("{8BC9CEB8-8B4A-11D0-8D11-00A0C91BC942}") = "bonus", "bonus\bonus.vcxproj", "{43275824-2FBB-4D12-92CD-C8CAFAE4FFAB}"
EndProject
Global
	GlobalSection(SolutionConfigurationPlatforms) = preSolution
		Debug|x64 = Debug|x64
		Release|x64 = Release|x64
	EndGlobalSection
	GlobalSection(ProjectConfigurationPlatforms) = postSolution
		{20744325-848D-427A-8786-78EB46F45C8F}.Debug|x64.ActiveCfg = Debug|x64
		{20744325-848D-427A-8786-78EB46F45C8F}.Debug|x64.Build.0 = Debug|x64
		{20744325-848D-427A-8786-78EB46F45C8F}.Release|x64.ActiveCfg = Release|x64
		{20744325-848D-427A-8786-78EB46F45C8F}.Release|x64.Build.0 = Release|x64
		{43275824-2FBB-4D12-92CD-C8CAFAE4FFAB}.Debug|x64.ActiveCfg = Debug|x64
		{43275824-2FBB-4D12-92CD-C8CAFAE4FFAB}.Debug|x64.Build.0 = Debug|x64
		{43275824-2FBB-4D12-92CD-C8CAFAE4FFAB}.Release|x64.ActiveCfg = Release|x64
		{43275824-2FBB-4D12-92CD-C8CAFAE4FFAB}.Release|x64.Build.0 = Release|x64
	EndGlobalSection
	GlobalSection(SolutionProperties) = preSolution
		HideSolutionNode = FALSE
	EndGlobalSection
	GlobalSection(ExtensibilityGlobals) = postSolution
		SolutionGuid = {C1EDD54A-2103-4295-80A5-F8D0F8D7E9AA}
	EndGlobalSection
EndGlobal
